// !$*UTF8*$!
{
	archiveVersion = 1;
	classes = {
	};
	objectVersion = 55;
	objects = {

/* Begin PBXBuildFile section */
		6E51A57C2A09F2F300769B12 /* BottomTapTripController.swift in Sources */ = {isa = PBXBuildFile; fileRef = 6E51A57B2A09F2F200769B12 /* BottomTapTripController.swift */; };
		6E51A57E2A09F50300769B12 /* BottomCollectionViewCell.swift in Sources */ = {isa = PBXBuildFile; fileRef = 6E51A57D2A09F50300769B12 /* BottomCollectionViewCell.swift */; };
		6E51A5802A0A501800769B12 /* LearningAnimation.swift in Sources */ = {isa = PBXBuildFile; fileRef = 6E51A57F2A0A501800769B12 /* LearningAnimation.swift */; };
		6E51A5812A0BA50D00769B12 /* ViewController.swift in Sources */ = {isa = PBXBuildFile; fileRef = 6E77B2512A074F2B007EB07B /* ViewController.swift */; };
		6E51A5852A0BFD8B00769B12 /* BottomController.swift in Sources */ = {isa = PBXBuildFile; fileRef = 6E51A5842A0BFD8B00769B12 /* BottomController.swift */; };
		6E77B24E2A074F2B007EB07B /* AppDelegate.swift in Sources */ = {isa = PBXBuildFile; fileRef = 6E77B24D2A074F2B007EB07B /* AppDelegate.swift */; };
		6E77B2502A074F2B007EB07B /* SceneDelegate.swift in Sources */ = {isa = PBXBuildFile; fileRef = 6E77B24F2A074F2B007EB07B /* SceneDelegate.swift */; };
		6E77B2572A074F2E007EB07B /* Assets.xcassets in Resources */ = {isa = PBXBuildFile; fileRef = 6E77B2562A074F2E007EB07B /* Assets.xcassets */; };
		6E77B25A2A074F2E007EB07B /* LaunchScreen.storyboard in Resources */ = {isa = PBXBuildFile; fileRef = 6E77B2582A074F2E007EB07B /* LaunchScreen.storyboard */; };
		6E77B2622A095A49007EB07B /* ComposionalLayout.swift in Sources */ = {isa = PBXBuildFile; fileRef = 6E77B2612A095A49007EB07B /* ComposionalLayout.swift */; };
/* End PBXBuildFile section */

/* Begin PBXFileReference section */
		6E51A57B2A09F2F200769B12 /* BottomTapTripController.swift */ = {isa = PBXFileReference; lastKnownFileType = sourcecode.swift; path = BottomTapTripController.swift; sourceTree = "<group>"; };
		6E51A57D2A09F50300769B12 /* BottomCollectionViewCell.swift */ = {isa = PBXFileReference; lastKnownFileType = sourcecode.swift; path = BottomCollectionViewCell.swift; sourceTree = "<group>"; };
		6E51A57F2A0A501800769B12 /* LearningAnimation.swift */ = {isa = PBXFileReference; lastKnownFileType = sourcecode.swift; path = LearningAnimation.swift; sourceTree = "<group>"; };
		6E51A5842A0BFD8B00769B12 /* BottomController.swift */ = {isa = PBXFileReference; lastKnownFileType = sourcecode.swift; path = BottomController.swift; sourceTree = "<group>"; };
		6E77B24A2A074F2B007EB07B /* LearningScrollView.app */ = {isa = PBXFileReference; explicitFileType = wrapper.application; includeInIndex = 0; path = LearningScrollView.app; sourceTree = BUILT_PRODUCTS_DIR; };
		6E77B24D2A074F2B007EB07B /* AppDelegate.swift */ = {isa = PBXFileReference; lastKnownFileType = sourcecode.swift; path = AppDelegate.swift; sourceTree = "<group>"; };
		6E77B24F2A074F2B007EB07B /* SceneDelegate.swift */ = {isa = PBXFileReference; lastKnownFileType = sourcecode.swift; path = SceneDelegate.swift; sourceTree = "<group>"; };
		6E77B2512A074F2B007EB07B /* ViewController.swift */ = {isa = PBXFileReference; lastKnownFileType = sourcecode.swift; path = ViewController.swift; sourceTree = "<group>"; };
		6E77B2562A074F2E007EB07B /* Assets.xcassets */ = {isa = PBXFileReference; lastKnownFileType = folder.assetcatalog; path = Assets.xcassets; sourceTree = "<group>"; };
		6E77B2592A074F2E007EB07B /* Base */ = {isa = PBXFileReference; lastKnownFileType = file.storyboard; name = Base; path = Base.lproj/LaunchScreen.storyboard; sourceTree = "<group>"; };
		6E77B25B2A074F2E007EB07B /* Info.plist */ = {isa = PBXFileReference; lastKnownFileType = text.plist.xml; path = Info.plist; sourceTree = "<group>"; };
		6E77B2612A095A49007EB07B /* ComposionalLayout.swift */ = {isa = PBXFileReference; lastKnownFileType = sourcecode.swift; path = ComposionalLayout.swift; sourceTree = "<group>"; };
/* End PBXFileReference section */

/* Begin PBXFrameworksBuildPhase section */
		6E77B2472A074F2B007EB07B /* Frameworks */ = {
			isa = PBXFrameworksBuildPhase;
			buildActionMask = 2147483647;
			files = (
			);
			runOnlyForDeploymentPostprocessing = 0;
		};
/* End PBXFrameworksBuildPhase section */

/* Begin PBXGroup section */
		6E77B2412A074F2B007EB07B = {
			isa = PBXGroup;
			children = (
				6E77B24C2A074F2B007EB07B /* LearningScrollView */,
				6E77B24B2A074F2B007EB07B /* Products */,
			);
			sourceTree = "<group>";
		};
		6E77B24B2A074F2B007EB07B /* Products */ = {
			isa = PBXGroup;
			children = (
				6E77B24A2A074F2B007EB07B /* LearningScrollView.app */,
			);
			name = Products;
			sourceTree = "<group>";
		};
		6E77B24C2A074F2B007EB07B /* LearningScrollView */ = {
			isa = PBXGroup;
			children = (
				6E77B24D2A074F2B007EB07B /* AppDelegate.swift */,
				6E77B24F2A074F2B007EB07B /* SceneDelegate.swift */,
				6E77B2612A095A49007EB07B /* ComposionalLayout.swift */,
				6E77B2512A074F2B007EB07B /* ViewController.swift */,
				6E51A57B2A09F2F200769B12 /* BottomTapTripController.swift */,
				6E51A57D2A09F50300769B12 /* BottomCollectionViewCell.swift */,
				6E77B2562A074F2E007EB07B /* Assets.xcassets */,
				6E77B2582A074F2E007EB07B /* LaunchScreen.storyboard */,
				6E77B25B2A074F2E007EB07B /* Info.plist */,
				6E51A57F2A0A501800769B12 /* LearningAnimation.swift */,
				6E51A5842A0BFD8B00769B12 /* BottomController.swift */,
			);
			path = LearningScrollView;
			sourceTree = "<group>";
		};
/* End PBXGroup section */

/* Begin PBXNativeTarget section */
		6E77B2492A074F2B007EB07B /* LearningScrollView */ = {
			isa = PBXNativeTarget;
			buildConfigurationList = 6E77B25E2A074F2E007EB07B /* Build configuration list for PBXNativeTarget "LearningScrollView" */;
			buildPhases = (
				6E77B2462A074F2B007EB07B /* Sources */,
				6E77B2472A074F2B007EB07B /* Frameworks */,
				6E77B2482A074F2B007EB07B /* Resources */,
			);
			buildRules = (
			);
			dependencies = (
			);
			name = LearningScrollView;
			productName = LearningScrollView;
			productReference = 6E77B24A2A074F2B007EB07B /* LearningScrollView.app */;
			productType = "com.apple.product-type.application";
		};
/* End PBXNativeTarget section */

/* Begin PBXProject section */
		6E77B2422A074F2B007EB07B /* Project object */ = {
			isa = PBXProject;
			attributes = {
				BuildIndependentTargetsInParallel = 1;
				LastSwiftUpdateCheck = 1320;
				LastUpgradeCheck = 1320;
				TargetAttributes = {
					6E77B2492A074F2B007EB07B = {
						CreatedOnToolsVersion = 13.2.1;
					};
				};
			};
			buildConfigurationList = 6E77B2452A074F2B007EB07B /* Build configuration list for PBXProject "LearningScrollView" */;
			compatibilityVersion = "Xcode 13.0";
			developmentRegion = en;
			hasScannedForEncodings = 0;
			knownRegions = (
				en,
				Base,
			);
			mainGroup = 6E77B2412A074F2B007EB07B;
			productRefGroup = 6E77B24B2A074F2B007EB07B /* Products */;
			projectDirPath = "";
			projectRoot = "";
			targets = (
				6E77B2492A074F2B007EB07B /* LearningScrollView */,
			);
		};
/* End PBXProject section */

/* Begin PBXResourcesBuildPhase section */
		6E77B2482A074F2B007EB07B /* Resources */ = {
			isa = PBXResourcesBuildPhase;
			buildActionMask = 2147483647;
			files = (
				6E77B25A2A074F2E007EB07B /* LaunchScreen.storyboard in Resources */,
				6E77B2572A074F2E007EB07B /* Assets.xcassets in Resources */,
			);
			runOnlyForDeploymentPostprocessing = 0;
		};
/* End PBXResourcesBuildPhase section */

/* Begin PBXSourcesBuildPhase section */
		6E77B2462A074F2B007EB07B /* Sources */ = {
			isa = PBXSourcesBuildPhase;
			buildActionMask = 2147483647;
			files = (
				6E51A57C2A09F2F300769B12 /* BottomTapTripController.swift in Sources */,
				6E77B2622A095A49007EB07B /* ComposionalLayout.swift in Sources */,
				6E51A5852A0BFD8B00769B12 /* BottomController.swift in Sources */,
				6E51A5802A0A501800769B12 /* LearningAnimation.swift in Sources */,
				6E51A57E2A09F50300769B12 /* BottomCollectionViewCell.swift in Sources */,
				6E51A5812A0BA50D00769B12 /* ViewController.swift in Sources */,
				6E77B24E2A074F2B007EB07B /* AppDelegate.swift in Sources */,
				6E77B2502A074F2B007EB07B /* SceneDelegate.swift in Sources */,
			);
			runOnlyForDeploymentPostprocessing = 0;
		};
/* End PBXSourcesBuildPhase section */

/* Begin PBXVariantGroup section */
		6E77B2582A074F2E007EB07B /* LaunchScreen.storyboard */ = {
			isa = PBXVariantGroup;
			children = (
				6E77B2592A074F2E007EB07B /* Base */,
			);
			name = LaunchScreen.storyboard;
			sourceTree = "<group>";
		};
/* End PBXVariantGroup section */

/* Begin XCBuildConfiguration section */
		6E77B25C2A074F2E007EB07B /* Debug */ = {
			isa = XCBuildConfiguration;
			buildSettings = {
				ALWAYS_SEARCH_USER_PATHS = NO;
				CLANG_ANALYZER_NONNULL = YES;
				CLANG_ANALYZER_NUMBER_OBJECT_CONVERSION = YES_AGGRESSIVE;
				CLANG_CXX_LANGUAGE_STANDARD = "gnu++17";
				CLANG_CXX_LIBRARY = "libc++";
				CLANG_ENABLE_MODULES = YES;
				CLANG_ENABLE_OBJC_ARC = YES;
				CLANG_ENABLE_OBJC_WEAK = YES;
				CLANG_WARN_BLOCK_CAPTURE_AUTORELEASING = YES;
				CLANG_WARN_BOOL_CONVERSION = YES;
				CLANG_WARN_COMMA = YES;
				CLANG_WARN_CONSTANT_CONVERSION = YES;
				CLANG_WARN_DEPRECATED_OBJC_IMPLEMENTATIONS = YES;
				CLANG_WARN_DIRECT_OBJC_ISA_USAGE = YES_ERROR;
				CLANG_WARN_DOCUMENTATION_COMMENTS = YES;
				CLANG_WARN_EMPTY_BODY = YES;
				CLANG_WARN_ENUM_CONVERSION = YES;
				CLANG_WARN_INFINITE_RECURSION = YES;
				CLANG_WARN_INT_CONVERSION = YES;
				CLANG_WARN_NON_LITERAL_NULL_CONVERSION = YES;
				CLANG_WARN_OBJC_IMPLICIT_RETAIN_SELF = YES;
				CLANG_WARN_OBJC_LITERAL_CONVERSION = YES;
				CLANG_WARN_OBJC_ROOT_CLASS = YES_ERROR;
				CLANG_WARN_QUOTED_INCLUDE_IN_FRAMEWORK_HEADER = YES;
				CLANG_WARN_RANGE_LOOP_ANALYSIS = YES;
				CLANG_WARN_STRICT_PROTOTYPES = YES;
				CLANG_WARN_SUSPICIOUS_MOVE = YES;
				CLANG_WARN_UNGUARDED_AVAILABILITY = YES_AGGRESSIVE;
				CLANG_WARN_UNREACHABLE_CODE = YES;
				CLANG_WARN__DUPLICATE_METHOD_MATCH = YES;
				COPY_PHASE_STRIP = NO;
				DEBUG_INFORMATION_FORMAT = dwarf;
				ENABLE_STRICT_OBJC_MSGSEND = YES;
				ENABLE_TESTABILITY = YES;
				GCC_C_LANGUAGE_STANDARD = gnu11;
				GCC_DYNAMIC_NO_PIC = NO;
				GCC_NO_COMMON_BLOCKS = YES;
				GCC_OPTIMIZATION_LEVEL = 0;
				GCC_PREPROCESSOR_DEFINITIONS = (
					"DEBUG=1",
					"$(inherited)",
				);
				GCC_WARN_64_TO_32_BIT_CONVERSION = YES;
				GCC_WARN_ABOUT_RETURN_TYPE = YES_ERROR;
				GCC_WARN_UNDECLARED_SELECTOR = YES;
				GCC_WARN_UNINITIALIZED_AUTOS = YES_AGGRESSIVE;
				GCC_WARN_UNUSED_FUNCTION = YES;
				GCC_WARN_UNUSED_VARIABLE = YES;
				IPHONEOS_DEPLOYMENT_TARGET = 15.2;
				MTL_ENABLE_DEBUG_INFO = INCLUDE_SOURCE;
				MTL_FAST_MATH = YES;
				ONLY_ACTIVE_ARCH = YES;
				SDKROOT = iphoneos;
				SWIFT_ACTIVE_COMPILATION_CONDITIONS = DEBUG;
				SWIFT_OPTIMIZATION_LEVEL = "-Onone";
			};
			name = Debug;
		};
		6E77B25D2A074F2E007EB07B /* Release */ = {
			isa = XCBuildConfiguration;
			buildSettings = {
				ALWAYS_SEARCH_USER_PATHS = NO;
				CLANG_ANALYZER_NONNULL = YES;
				CLANG_ANALYZER_NUMBER_OBJECT_CONVERSION = YES_AGGRESSIVE;
				CLANG_CXX_LANGUAGE_STANDARD = "gnu++17";
				CLANG_CXX_LIBRARY = "libc++";
				CLANG_ENABLE_MODULES = YES;
				CLANG_ENABLE_OBJC_ARC = YES;
				CLANG_ENABLE_OBJC_WEAK = YES;
				CLANG_WARN_BLOCK_CAPTURE_AUTORELEASING = YES;
				CLANG_WARN_BOOL_CONVERSION = YES;
				CLANG_WARN_COMMA = YES;
				CLANG_WARN_CONSTANT_CONVERSION = YES;
				CLANG_WARN_DEPRECATED_OBJC_IMPLEMENTATIONS = YES;
				CLANG_WARN_DIRECT_OBJC_ISA_USAGE = YES_ERROR;
				CLANG_WARN_DOCUMENTATION_COMMENTS = YES;
				CLANG_WARN_EMPTY_BODY = YES;
				CLANG_WARN_ENUM_CONVERSION = YES;
				CLANG_WARN_INFINITE_RECURSION = YES;
				CLANG_WARN_INT_CONVERSION = YES;
				CLANG_WARN_NON_LITERAL_NULL_CONVERSION = YES;
				CLANG_WARN_OBJC_IMPLICIT_RETAIN_SELF = YES;
				CLANG_WARN_OBJC_LITERAL_CONVERSION = YES;
				CLANG_WARN_OBJC_ROOT_CLASS = YES_ERROR;
				CLANG_WARN_QUOTED_INCLUDE_IN_FRAMEWORK_HEADER = YES;
				CLANG_WARN_RANGE_LOOP_ANALYSIS = YES;
				CLANG_WARN_STRICT_PROTOTYPES = YES;
				CLANG_WARN_SUSPICIOUS_MOVE = YES;
				CLANG_WARN_UNGUARDED_AVAILABILITY = YES_AGGRESSIVE;
				CLANG_WARN_UNREACHABLE_CODE = YES;
				CLANG_WARN__DUPLICATE_METHOD_MATCH = YES;
				COPY_PHASE_STRIP = NO;
				DEBUG_INFORMATION_FORMAT = "dwarf-with-dsym";
				ENABLE_NS_ASSERTIONS = NO;
				ENABLE_STRICT_OBJC_MSGSEND = YES;
				GCC_C_LANGUAGE_STANDARD = gnu11;
				GCC_NO_COMMON_BLOCKS = YES;
				GCC_WARN_64_TO_32_BIT_CONVERSION = YES;
				GCC_WARN_ABOUT_RETURN_TYPE = YES_ERROR;
				GCC_WARN_UNDECLARED_SELECTOR = YES;
				GCC_WARN_UNINITIALIZED_AUTOS = YES_AGGRESSIVE;
				GCC_WARN_UNUSED_FUNCTION = YES;
				GCC_WARN_UNUSED_VARIABLE = YES;
				IPHONEOS_DEPLOYMENT_TARGET = 15.2;
				MTL_ENABLE_DEBUG_INFO = NO;
				MTL_FAST_MATH = YES;
				SDKROOT = iphoneos;
				SWIFT_COMPILATION_MODE = wholemodule;
				SWIFT_OPTIMIZATION_LEVEL = "-O";
				VALIDATE_PRODUCT = YES;
			};
			name = Release;
		};
		6E77B25F2A074F2E007EB07B /* Debug */ = {
			isa = XCBuildConfiguration;
			buildSettings = {
				ASSETCATALOG_COMPILER_APPICON_NAME = AppIcon;
				ASSETCATALOG_COMPILER_GLOBAL_ACCENT_COLOR_NAME = AccentColor;
				CODE_SIGN_STYLE = Automatic;
				CURRENT_PROJECT_VERSION = 1;
				DEVELOPMENT_TEAM = X49N5BHN65;
				GENERATE_INFOPLIST_FILE = YES;
				INFOPLIST_FILE = LearningScrollView/Info.plist;
				INFOPLIST_KEY_UIApplicationSupportsIndirectInputEvents = YES;
				INFOPLIST_KEY_UILaunchStoryboardName = LaunchScreen;
				INFOPLIST_KEY_UISupportedInterfaceOrientations_iPad = "UIInterfaceOrientationPortrait UIInterfaceOrientationPortraitUpsideDown UIInterfaceOrientationLandscapeLeft UIInterfaceOrientationLandscapeRight";
				INFOPLIST_KEY_UISupportedInterfaceOrientations_iPhone = "UIInterfaceOrientationPortrait UIInterfaceOrientationLandscapeLeft UIInterfaceOrientationLandscapeRight";
				LD_RUNPATH_SEARCH_PATHS = (
					"$(inherited)",
					"@executable_path/Frameworks",
				);
				MARKETING_VERSION = 1.0;
				PRODUCT_BUNDLE_IDENTIFIER = com.longvb.LearningScrollView;
				PRODUCT_NAME = "$(TARGET_NAME)";
				SWIFT_EMIT_LOC_STRINGS = YES;
				SWIFT_VERSION = 5.0;
				TARGETED_DEVICE_FAMILY = "1,2";
			};
			name = Debug;
		};
		6E77B2602A074F2E007EB07B /* Release */ = {
			isa = XCBuildConfiguration;
			buildSettings = {
				ASSETCATALOG_COMPILER_APPICON_NAME = AppIcon;
				ASSETCATALOG_COMPILER_GLOBAL_ACCENT_COLOR_NAME = AccentColor;
				CODE_SIGN_STYLE = Automatic;
				CURRENT_PROJECT_VERSION = 1;
				DEVELOPMENT_TEAM = X49N5BHN65;
				GENERATE_INFOPLIST_FILE = YES;
				INFOPLIST_FILE = LearningScrollView/Info.plist;
				INFOPLIST_KEY_UIApplicationSupportsIndirectInputEvents = YES;
				INFOPLIST_KEY_UILaunchStoryboardName = LaunchScreen;
				INFOPLIST_KEY_UISupportedInterfaceOrientations_iPad = "UIInterfaceOrientationPortrait UIInterfaceOrientationPortraitUpsideDown UIInterfaceOrientationLandscapeLeft UIInterfaceOrientationLandscapeRight";
				INFOPLIST_KEY_UISupportedInterfaceOrientations_iPhone = "UIInterfaceOrientationPortrait UIInterfaceOrientationLandscapeLeft UIInterfaceOrientationLandscapeRight";
				LD_RUNPATH_SEARCH_PATHS = (
					"$(inherited)",
					"@executable_path/Frameworks",
				);
				MARKETING_VERSION = 1.0;
				PRODUCT_BUNDLE_IDENTIFIER = com.longvb.LearningScrollView;
				PRODUCT_NAME = "$(TARGET_NAME)";
				SWIFT_EMIT_LOC_STRINGS = YES;
				SWIFT_VERSION = 5.0;
				TARGETED_DEVICE_FAMILY = "1,2";
			};
			name = Release;
		};
/* End XCBuildConfiguration section */

/* Begin XCConfigurationList section */
		6E77B2452A074F2B007EB07B /* Build configuration list for PBXProject "LearningScrollView" */ = {
			isa = XCConfigurationList;
			buildConfigurations = (
				6E77B25C2A074F2E007EB07B /* Debug */,
				6E77B25D2A074F2E007EB07B /* Release */,
			);
			defaultConfigurationIsVisible = 0;
			defaultConfigurationName = Release;
		};
		6E77B25E2A074F2E007EB07B /* Build configuration list for PBXNativeTarget "LearningScrollView" */ = {
			isa = XCConfigurationList;
			buildConfigurations = (
				6E77B25F2A074F2E007EB07B /* Debug */,
				6E77B2602A074F2E007EB07B /* Release */,
			);
			defaultConfigurationIsVisible = 0;
			defaultConfigurationName = Release;
		};
/* End XCConfigurationList section */
	};
	rootObject = 6E77B2422A074F2B007EB07B /* Project object */;
}
