// !$*UTF8*$!
{
	archiveVersion = 1;
	classes = {
	};
	objectVersion = 55;
	objects = {

/* Begin PBXBuildFile section */
		6E2957192A066050006673CF /* SwitchCollectionViewCell.swift in Sources */ = {isa = PBXBuildFile; fileRef = 6E2957182A06604F006673CF /* SwitchCollectionViewCell.swift */; };
		6E2EDF092A0F760A000C62EB /* InstagramStoryLayer.swift in Sources */ = {isa = PBXBuildFile; fileRef = 6E2EDF082A0F760A000C62EB /* InstagramStoryLayer.swift */; };
		6E3201892A0D417D00D707E8 /* BottomController.swift in Sources */ = {isa = PBXBuildFile; fileRef = 6E3201882A0D417D00D707E8 /* BottomController.swift */; };
		6E32018B2A0D418F00D707E8 /* BottomTabTripController.swift in Sources */ = {isa = PBXBuildFile; fileRef = 6E32018A2A0D418F00D707E8 /* BottomTabTripController.swift */; };
		6E32018D2A0D41D300D707E8 /* ExtensionViewController.swift in Sources */ = {isa = PBXBuildFile; fileRef = 6E32018C2A0D41D300D707E8 /* ExtensionViewController.swift */; };
		6E32018F2A0D423700D707E8 /* BottomTabBarCollectionViewCell.swift in Sources */ = {isa = PBXBuildFile; fileRef = 6E32018E2A0D423700D707E8 /* BottomTabBarCollectionViewCell.swift */; };
		6E3201912A0D426F00D707E8 /* BottomCollectionViewCell.swift in Sources */ = {isa = PBXBuildFile; fileRef = 6E3201902A0D426F00D707E8 /* BottomCollectionViewCell.swift */; };
		6E3471EB29EE8562003CB6AA /* AppDelegate.swift in Sources */ = {isa = PBXBuildFile; fileRef = 6E3471EA29EE8562003CB6AA /* AppDelegate.swift */; };
		6E3471ED29EE8562003CB6AA /* SceneDelegate.swift in Sources */ = {isa = PBXBuildFile; fileRef = 6E3471EC29EE8562003CB6AA /* SceneDelegate.swift */; };
		6E3471EF29EE8562003CB6AA /* MainTabBarController.swift in Sources */ = {isa = PBXBuildFile; fileRef = 6E3471EE29EE8562003CB6AA /* MainTabBarController.swift */; };
		6E3471F429EE8564003CB6AA /* Assets.xcassets in Resources */ = {isa = PBXBuildFile; fileRef = 6E3471F329EE8564003CB6AA /* Assets.xcassets */; };
		6E34720229EE865F003CB6AA /* SearchController.swift in Sources */ = {isa = PBXBuildFile; fileRef = 6E34720129EE865F003CB6AA /* SearchController.swift */; };
		6E34720429EE869B003CB6AA /* ShortVideoController.swift in Sources */ = {isa = PBXBuildFile; fileRef = 6E34720329EE869B003CB6AA /* ShortVideoController.swift */; };
		6E34720629EE86A7003CB6AA /* ProfileController.swift in Sources */ = {isa = PBXBuildFile; fileRef = 6E34720529EE86A7003CB6AA /* ProfileController.swift */; };
		6E34720D29EEA056003CB6AA /* ConstraintLayout.swift in Sources */ = {isa = PBXBuildFile; fileRef = 6E34720C29EEA056003CB6AA /* ConstraintLayout.swift */; };
		6E34720F29EEE4D5003CB6AA /* FakeController.swift in Sources */ = {isa = PBXBuildFile; fileRef = 6E34720E29EEE4D5003CB6AA /* FakeController.swift */; };
		6E34721129EEF0F3003CB6AA /* CompostionalLayout.swift in Sources */ = {isa = PBXBuildFile; fileRef = 6E34721029EEF0F3003CB6AA /* CompostionalLayout.swift */; };
		6E4B5F312A0622190049E3AD /* StoryCollectionViewCell.swift in Sources */ = {isa = PBXBuildFile; fileRef = 6E4B5F302A0622180049E3AD /* StoryCollectionViewCell.swift */; };
		6E7F1C932A0260AA008BD8B0 /* GoogleService-Info.plist in Resources */ = {isa = PBXBuildFile; fileRef = 6E7F1C922A0260AA008BD8B0 /* GoogleService-Info.plist */; };
		6E7F1C972A026879008BD8B0 /* LoginController.swift in Sources */ = {isa = PBXBuildFile; fileRef = 6E7F1C962A026879008BD8B0 /* LoginController.swift */; };
		6E7F1C9A2A026A73008BD8B0 /* Utilities.swift in Sources */ = {isa = PBXBuildFile; fileRef = 6E7F1C992A026A73008BD8B0 /* Utilities.swift */; };
		6E7F1C9C2A02705B008BD8B0 /* ExtensionColor.swift in Sources */ = {isa = PBXBuildFile; fileRef = 6E7F1C9B2A02705B008BD8B0 /* ExtensionColor.swift */; };
		6E7F1C9E2A03B1D4008BD8B0 /* RegisterController.swift in Sources */ = {isa = PBXBuildFile; fileRef = 6E7F1C9D2A03B1D3008BD8B0 /* RegisterController.swift */; };
		6E869DB32A062D7E00BA581F /* HeaderProfileView.swift in Sources */ = {isa = PBXBuildFile; fileRef = 6E4B5F2E2A05F1890049E3AD /* HeaderProfileView.swift */; };
		6EB383CF2A1251F200892740 /* StoryHomeCollectionViewCell.swift in Sources */ = {isa = PBXBuildFile; fileRef = 6EB383C92A1251F100892740 /* StoryHomeCollectionViewCell.swift */; };
		6EB383D02A1251F200892740 /* ProfileCollectionViewCell.swift in Sources */ = {isa = PBXBuildFile; fileRef = 6EB383CA2A1251F100892740 /* ProfileCollectionViewCell.swift */; };
		6EB383D12A1251F200892740 /* FooterStoryCollectionView.swift in Sources */ = {isa = PBXBuildFile; fileRef = 6EB383CB2A1251F100892740 /* FooterStoryCollectionView.swift */; };
		6EB383D22A1251F200892740 /* HomeFeedCollectionViewCell.swift in Sources */ = {isa = PBXBuildFile; fileRef = 6EB383CC2A1251F100892740 /* HomeFeedCollectionViewCell.swift */; };
		6EB383D32A1251F200892740 /* InstagramHeaderView.swift in Sources */ = {isa = PBXBuildFile; fileRef = 6EB383CD2A1251F100892740 /* InstagramHeaderView.swift */; };
		6EB383D42A1251F200892740 /* HomeController.swift in Sources */ = {isa = PBXBuildFile; fileRef = 6EB383CE2A1251F200892740 /* HomeController.swift */; };
		6EB383DB2A12522D00892740 /* CameraController.swift in Sources */ = {isa = PBXBuildFile; fileRef = 6EB383D62A12522D00892740 /* CameraController.swift */; };
		6EB383DC2A12522D00892740 /* UploadFeedController.swift in Sources */ = {isa = PBXBuildFile; fileRef = 6EB383D72A12522D00892740 /* UploadFeedController.swift */; };
		6EB383DD2A12522D00892740 /* UploadHeaderPhotoView.swift in Sources */ = {isa = PBXBuildFile; fileRef = 6EB383D92A12522D00892740 /* UploadHeaderPhotoView.swift */; };
		6EB383DE2A12522D00892740 /* UploadPhotoCollectionViewCell.swift in Sources */ = {isa = PBXBuildFile; fileRef = 6EB383DA2A12522D00892740 /* UploadPhotoCollectionViewCell.swift */; };
		8F06ABBD9B1F956E09E7B2A2 /* Pods_Instagram.framework in Frameworks */ = {isa = PBXBuildFile; fileRef = 5A70E69F4791E07FA687D84A /* Pods_Instagram.framework */; };
/* End PBXBuildFile section */

/* Begin PBXFileReference section */
		06A4DDD62E97746965114A25 /* Pods-Instagram.release.xcconfig */ = {isa = PBXFileReference; includeInIndex = 1; lastKnownFileType = text.xcconfig; name = "Pods-Instagram.release.xcconfig"; path = "Target Support Files/Pods-Instagram/Pods-Instagram.release.xcconfig"; sourceTree = "<group>"; };
		314D98623E8548ECD412BFB3 /* Pods-Instagram.debug.xcconfig */ = {isa = PBXFileReference; includeInIndex = 1; lastKnownFileType = text.xcconfig; name = "Pods-Instagram.debug.xcconfig"; path = "Target Support Files/Pods-Instagram/Pods-Instagram.debug.xcconfig"; sourceTree = "<group>"; };
		5A70E69F4791E07FA687D84A /* Pods_Instagram.framework */ = {isa = PBXFileReference; explicitFileType = wrapper.framework; includeInIndex = 0; path = Pods_Instagram.framework; sourceTree = BUILT_PRODUCTS_DIR; };
		6E2957182A06604F006673CF /* SwitchCollectionViewCell.swift */ = {isa = PBXFileReference; lastKnownFileType = sourcecode.swift; path = SwitchCollectionViewCell.swift; sourceTree = "<group>"; };
		6E2EDF082A0F760A000C62EB /* InstagramStoryLayer.swift */ = {isa = PBXFileReference; lastKnownFileType = sourcecode.swift; path = InstagramStoryLayer.swift; sourceTree = "<group>"; };
		6E3201882A0D417D00D707E8 /* BottomController.swift */ = {isa = PBXFileReference; lastKnownFileType = sourcecode.swift; path = BottomController.swift; sourceTree = "<group>"; };
		6E32018A2A0D418F00D707E8 /* BottomTabTripController.swift */ = {isa = PBXFileReference; lastKnownFileType = sourcecode.swift; path = BottomTabTripController.swift; sourceTree = "<group>"; };
		6E32018C2A0D41D300D707E8 /* ExtensionViewController.swift */ = {isa = PBXFileReference; lastKnownFileType = sourcecode.swift; path = ExtensionViewController.swift; sourceTree = "<group>"; };
		6E32018E2A0D423700D707E8 /* BottomTabBarCollectionViewCell.swift */ = {isa = PBXFileReference; lastKnownFileType = sourcecode.swift; path = BottomTabBarCollectionViewCell.swift; sourceTree = "<group>"; };
		6E3201902A0D426F00D707E8 /* BottomCollectionViewCell.swift */ = {isa = PBXFileReference; lastKnownFileType = sourcecode.swift; path = BottomCollectionViewCell.swift; sourceTree = "<group>"; };
		6E3471E729EE8562003CB6AA /* Instagram.app */ = {isa = PBXFileReference; explicitFileType = wrapper.application; includeInIndex = 0; path = Instagram.app; sourceTree = BUILT_PRODUCTS_DIR; };
		6E3471EA29EE8562003CB6AA /* AppDelegate.swift */ = {isa = PBXFileReference; lastKnownFileType = sourcecode.swift; path = AppDelegate.swift; sourceTree = "<group>"; };
		6E3471EC29EE8562003CB6AA /* SceneDelegate.swift */ = {isa = PBXFileReference; lastKnownFileType = sourcecode.swift; path = SceneDelegate.swift; sourceTree = "<group>"; };
		6E3471EE29EE8562003CB6AA /* MainTabBarController.swift */ = {isa = PBXFileReference; lastKnownFileType = sourcecode.swift; path = MainTabBarController.swift; sourceTree = "<group>"; };
		6E3471F329EE8564003CB6AA /* Assets.xcassets */ = {isa = PBXFileReference; lastKnownFileType = folder.assetcatalog; path = Assets.xcassets; sourceTree = "<group>"; };
		6E3471F829EE8564003CB6AA /* Info.plist */ = {isa = PBXFileReference; lastKnownFileType = text.plist.xml; path = Info.plist; sourceTree = "<group>"; };
		6E34720129EE865F003CB6AA /* SearchController.swift */ = {isa = PBXFileReference; lastKnownFileType = sourcecode.swift; path = SearchController.swift; sourceTree = "<group>"; };
		6E34720329EE869B003CB6AA /* ShortVideoController.swift */ = {isa = PBXFileReference; lastKnownFileType = sourcecode.swift; path = ShortVideoController.swift; sourceTree = "<group>"; };
		6E34720529EE86A7003CB6AA /* ProfileController.swift */ = {isa = PBXFileReference; lastKnownFileType = sourcecode.swift; path = ProfileController.swift; sourceTree = "<group>"; };
		6E34720C29EEA056003CB6AA /* ConstraintLayout.swift */ = {isa = PBXFileReference; lastKnownFileType = sourcecode.swift; path = ConstraintLayout.swift; sourceTree = "<group>"; };
		6E34720E29EEE4D5003CB6AA /* FakeController.swift */ = {isa = PBXFileReference; lastKnownFileType = sourcecode.swift; path = FakeController.swift; sourceTree = "<group>"; };
		6E34721029EEF0F3003CB6AA /* CompostionalLayout.swift */ = {isa = PBXFileReference; lastKnownFileType = sourcecode.swift; path = CompostionalLayout.swift; sourceTree = "<group>"; };
		6E4B5F2E2A05F1890049E3AD /* HeaderProfileView.swift */ = {isa = PBXFileReference; lastKnownFileType = sourcecode.swift; path = HeaderProfileView.swift; sourceTree = "<group>"; };
		6E4B5F302A0622180049E3AD /* StoryCollectionViewCell.swift */ = {isa = PBXFileReference; lastKnownFileType = sourcecode.swift; path = StoryCollectionViewCell.swift; sourceTree = "<group>"; };
		6E7F1C922A0260AA008BD8B0 /* GoogleService-Info.plist */ = {isa = PBXFileReference; fileEncoding = 4; lastKnownFileType = text.plist.xml; path = "GoogleService-Info.plist"; sourceTree = "<group>"; };
		6E7F1C962A026879008BD8B0 /* LoginController.swift */ = {isa = PBXFileReference; lastKnownFileType = sourcecode.swift; path = LoginController.swift; sourceTree = "<group>"; };
		6E7F1C992A026A73008BD8B0 /* Utilities.swift */ = {isa = PBXFileReference; lastKnownFileType = sourcecode.swift; name = Utilities.swift; path = Instagram/Controllers/Authetification/Utilities.swift; sourceTree = SOURCE_ROOT; };
		6E7F1C9B2A02705B008BD8B0 /* ExtensionColor.swift */ = {isa = PBXFileReference; lastKnownFileType = sourcecode.swift; path = ExtensionColor.swift; sourceTree = "<group>"; };
		6E7F1C9D2A03B1D3008BD8B0 /* RegisterController.swift */ = {isa = PBXFileReference; lastKnownFileType = sourcecode.swift; path = RegisterController.swift; sourceTree = "<group>"; };
		6EB383C92A1251F100892740 /* StoryHomeCollectionViewCell.swift */ = {isa = PBXFileReference; fileEncoding = 4; lastKnownFileType = sourcecode.swift; path = StoryHomeCollectionViewCell.swift; sourceTree = "<group>"; };
		6EB383CA2A1251F100892740 /* ProfileCollectionViewCell.swift */ = {isa = PBXFileReference; fileEncoding = 4; lastKnownFileType = sourcecode.swift; path = ProfileCollectionViewCell.swift; sourceTree = "<group>"; };
		6EB383CB2A1251F100892740 /* FooterStoryCollectionView.swift */ = {isa = PBXFileReference; fileEncoding = 4; lastKnownFileType = sourcecode.swift; path = FooterStoryCollectionView.swift; sourceTree = "<group>"; };
		6EB383CC2A1251F100892740 /* HomeFeedCollectionViewCell.swift */ = {isa = PBXFileReference; fileEncoding = 4; lastKnownFileType = sourcecode.swift; path = HomeFeedCollectionViewCell.swift; sourceTree = "<group>"; };
		6EB383CD2A1251F100892740 /* InstagramHeaderView.swift */ = {isa = PBXFileReference; fileEncoding = 4; lastKnownFileType = sourcecode.swift; path = InstagramHeaderView.swift; sourceTree = "<group>"; };
		6EB383CE2A1251F200892740 /* HomeController.swift */ = {isa = PBXFileReference; fileEncoding = 4; lastKnownFileType = sourcecode.swift; path = HomeController.swift; sourceTree = "<group>"; };
		6EB383D62A12522D00892740 /* CameraController.swift */ = {isa = PBXFileReference; fileEncoding = 4; lastKnownFileType = sourcecode.swift; path = CameraController.swift; sourceTree = "<group>"; };
		6EB383D72A12522D00892740 /* UploadFeedController.swift */ = {isa = PBXFileReference; fileEncoding = 4; lastKnownFileType = sourcecode.swift; path = UploadFeedController.swift; sourceTree = "<group>"; };
		6EB383D92A12522D00892740 /* UploadHeaderPhotoView.swift */ = {isa = PBXFileReference; fileEncoding = 4; lastKnownFileType = sourcecode.swift; path = UploadHeaderPhotoView.swift; sourceTree = "<group>"; };
		6EB383DA2A12522D00892740 /* UploadPhotoCollectionViewCell.swift */ = {isa = PBXFileReference; fileEncoding = 4; lastKnownFileType = sourcecode.swift; path = UploadPhotoCollectionViewCell.swift; sourceTree = "<group>"; };
/* End PBXFileReference section */

/* Begin PBXFrameworksBuildPhase section */
		6E3471E429EE8562003CB6AA /* Frameworks */ = {
			isa = PBXFrameworksBuildPhase;
			buildActionMask = 2147483647;
			files = (
				8F06ABBD9B1F956E09E7B2A2 /* Pods_Instagram.framework in Frameworks */,
			);
			runOnlyForDeploymentPostprocessing = 0;
		};
/* End PBXFrameworksBuildPhase section */

/* Begin PBXGroup section */
		1F648BD6378B5BDE4419F096 /* Frameworks */ = {
			isa = PBXGroup;
			children = (
				5A70E69F4791E07FA687D84A /* Pods_Instagram.framework */,
			);
			name = Frameworks;
			sourceTree = "<group>";
		};
		2837B400B5D37EBF81CC32FA /* Pods */ = {
			isa = PBXGroup;
			children = (
				314D98623E8548ECD412BFB3 /* Pods-Instagram.debug.xcconfig */,
				06A4DDD62E97746965114A25 /* Pods-Instagram.release.xcconfig */,
			);
			path = Pods;
			sourceTree = "<group>";
		};
		6E2EDF0A2A0FD7ED000C62EB /* Home Controller */ = {
			isa = PBXGroup;
			children = (
				6EB383CE2A1251F200892740 /* HomeController.swift */,
				6EB383C82A1251F100892740 /* Views */,
			);
			path = "Home Controller";
			sourceTree = "<group>";
		};
		6E3201872A0D415700D707E8 /* Custom Bottom ProfileController */ = {
			isa = PBXGroup;
			children = (
				6E3201882A0D417D00D707E8 /* BottomController.swift */,
				6E32018A2A0D418F00D707E8 /* BottomTabTripController.swift */,
				6E32018E2A0D423700D707E8 /* BottomTabBarCollectionViewCell.swift */,
				6E3201902A0D426F00D707E8 /* BottomCollectionViewCell.swift */,
			);
			path = "Custom Bottom ProfileController";
			sourceTree = "<group>";
		};
		6E3471DE29EE8561003CB6AA = {
			isa = PBXGroup;
			children = (
				6E3471E929EE8562003CB6AA /* Instagram */,
				6E3471E829EE8562003CB6AA /* Products */,
				2837B400B5D37EBF81CC32FA /* Pods */,
				1F648BD6378B5BDE4419F096 /* Frameworks */,
			);
			sourceTree = "<group>";
		};
		6E3471E829EE8562003CB6AA /* Products */ = {
			isa = PBXGroup;
			children = (
				6E3471E729EE8562003CB6AA /* Instagram.app */,
			);
			name = Products;
			sourceTree = "<group>";
		};
		6E3471E929EE8562003CB6AA /* Instagram */ = {
			isa = PBXGroup;
			children = (
				6E7F1C982A026A61008BD8B0 /* Utilities */,
				6E34720B29EEA02F003CB6AA /* Extenstion */,
				6E3471FE29EE8640003CB6AA /* Controllers */,
				6E3471F329EE8564003CB6AA /* Assets.xcassets */,
				6E3471F829EE8564003CB6AA /* Info.plist */,
				6E7F1C922A0260AA008BD8B0 /* GoogleService-Info.plist */,
			);
			path = Instagram;
			sourceTree = "<group>";
		};
		6E3471FE29EE8640003CB6AA /* Controllers */ = {
			isa = PBXGroup;
			children = (
				6EB383D52A12522D00892740 /* UploadFeed Controller */,
				6E2EDF0A2A0FD7ED000C62EB /* Home Controller */,
				6E4B5F2D2A05F1310049E3AD /* ProfileController */,
				6E7F1C952A02685F008BD8B0 /* Authetification */,
				6E34720729EE870E003CB6AA /* Other Controller */,
				6E34720129EE865F003CB6AA /* SearchController.swift */,
				6E34720329EE869B003CB6AA /* ShortVideoController.swift */,
			);
			path = Controllers;
			sourceTree = "<group>";
		};
		6E34720729EE870E003CB6AA /* Other Controller */ = {
			isa = PBXGroup;
			children = (
				6E3471EA29EE8562003CB6AA /* AppDelegate.swift */,
				6E3471EC29EE8562003CB6AA /* SceneDelegate.swift */,
				6E3471EE29EE8562003CB6AA /* MainTabBarController.swift */,
				6E34720E29EEE4D5003CB6AA /* FakeController.swift */,
			);
			path = "Other Controller";
			sourceTree = "<group>";
		};
		6E34720B29EEA02F003CB6AA /* Extenstion */ = {
			isa = PBXGroup;
			children = (
				6E34720C29EEA056003CB6AA /* ConstraintLayout.swift */,
				6E34721029EEF0F3003CB6AA /* CompostionalLayout.swift */,
				6E7F1C9B2A02705B008BD8B0 /* ExtensionColor.swift */,
				6E32018C2A0D41D300D707E8 /* ExtensionViewController.swift */,
			);
			path = Extenstion;
			sourceTree = "<group>";
		};
		6E4B5F2D2A05F1310049E3AD /* ProfileController */ = {
			isa = PBXGroup;
			children = (
				6E3201872A0D415700D707E8 /* Custom Bottom ProfileController */,
				6E4B5F2E2A05F1890049E3AD /* HeaderProfileView.swift */,
				6E2957182A06604F006673CF /* SwitchCollectionViewCell.swift */,
				6E34720529EE86A7003CB6AA /* ProfileController.swift */,
				6E4B5F302A0622180049E3AD /* StoryCollectionViewCell.swift */,
			);
			path = ProfileController;
			sourceTree = "<group>";
		};
		6E7F1C952A02685F008BD8B0 /* Authetification */ = {
			isa = PBXGroup;
			children = (
				6E7F1C962A026879008BD8B0 /* LoginController.swift */,
				6E7F1C9D2A03B1D3008BD8B0 /* RegisterController.swift */,
			);
			path = Authetification;
			sourceTree = "<group>";
		};
		6E7F1C982A026A61008BD8B0 /* Utilities */ = {
			isa = PBXGroup;
			children = (
				6E7F1C992A026A73008BD8B0 /* Utilities.swift */,
				6E2EDF082A0F760A000C62EB /* InstagramStoryLayer.swift */,
			);
			path = Utilities;
			sourceTree = "<group>";
		};
		6EB383C82A1251F100892740 /* Views */ = {
			isa = PBXGroup;
			children = (
				6EB383C92A1251F100892740 /* StoryHomeCollectionViewCell.swift */,
				6EB383CA2A1251F100892740 /* ProfileCollectionViewCell.swift */,
				6EB383CB2A1251F100892740 /* FooterStoryCollectionView.swift */,
				6EB383CC2A1251F100892740 /* HomeFeedCollectionViewCell.swift */,
				6EB383CD2A1251F100892740 /* InstagramHeaderView.swift */,
			);
			path = Views;
			sourceTree = "<group>";
		};
		6EB383D52A12522D00892740 /* UploadFeed Controller */ = {
			isa = PBXGroup;
			children = (
				6EB383D62A12522D00892740 /* CameraController.swift */,
				6EB383D72A12522D00892740 /* UploadFeedController.swift */,
				6EB383D82A12522D00892740 /* Views */,
			);
			path = "UploadFeed Controller";
			sourceTree = "<group>";
		};
		6EB383D82A12522D00892740 /* Views */ = {
			isa = PBXGroup;
			children = (
				6EB383D92A12522D00892740 /* UploadHeaderPhotoView.swift */,
				6EB383DA2A12522D00892740 /* UploadPhotoCollectionViewCell.swift */,
			);
			path = Views;
			sourceTree = "<group>";
		};
/* End PBXGroup section */

/* Begin PBXNativeTarget section */
		6E3471E629EE8562003CB6AA /* Instagram */ = {
			isa = PBXNativeTarget;
			buildConfigurationList = 6E3471FB29EE8564003CB6AA /* Build configuration list for PBXNativeTarget "Instagram" */;
			buildPhases = (
				3BACCF8CD065DFFD272B208D /* [CP] Check Pods Manifest.lock */,
				6E3471E329EE8562003CB6AA /* Sources */,
				6E3471E429EE8562003CB6AA /* Frameworks */,
				6E3471E529EE8562003CB6AA /* Resources */,
				551C52011906F6C90DB4554D /* [CP] Embed Pods Frameworks */,
			);
			buildRules = (
			);
			dependencies = (
			);
			name = Instagram;
			productName = Instagram;
			productReference = 6E3471E729EE8562003CB6AA /* Instagram.app */;
			productType = "com.apple.product-type.application";
		};
/* End PBXNativeTarget section */

/* Begin PBXProject section */
		6E3471DF29EE8561003CB6AA /* Project object */ = {
			isa = PBXProject;
			attributes = {
				BuildIndependentTargetsInParallel = 1;
				LastSwiftUpdateCheck = 1320;
				LastUpgradeCheck = 1320;
				TargetAttributes = {
					6E3471E629EE8562003CB6AA = {
						CreatedOnToolsVersion = 13.2.1;
					};
				};
			};
			buildConfigurationList = 6E3471E229EE8561003CB6AA /* Build configuration list for PBXProject "Instagram" */;
			compatibilityVersion = "Xcode 13.0";
			developmentRegion = en;
			hasScannedForEncodings = 0;
			knownRegions = (
				en,
				Base,
			);
			mainGroup = 6E3471DE29EE8561003CB6AA;
			productRefGroup = 6E3471E829EE8562003CB6AA /* Products */;
			projectDirPath = "";
			projectRoot = "";
			targets = (
				6E3471E629EE8562003CB6AA /* Instagram */,
			);
		};
/* End PBXProject section */

/* Begin PBXResourcesBuildPhase section */
		6E3471E529EE8562003CB6AA /* Resources */ = {
			isa = PBXResourcesBuildPhase;
			buildActionMask = 2147483647;
			files = (
				6E3471F429EE8564003CB6AA /* Assets.xcassets in Resources */,
				6E7F1C932A0260AA008BD8B0 /* GoogleService-Info.plist in Resources */,
			);
			runOnlyForDeploymentPostprocessing = 0;
		};
/* End PBXResourcesBuildPhase section */

/* Begin PBXShellScriptBuildPhase section */
		3BACCF8CD065DFFD272B208D /* [CP] Check Pods Manifest.lock */ = {
			isa = PBXShellScriptBuildPhase;
			buildActionMask = 2147483647;
			files = (
			);
			inputFileListPaths = (
			);
			inputPaths = (
				"${PODS_PODFILE_DIR_PATH}/Podfile.lock",
				"${PODS_ROOT}/Manifest.lock",
			);
			name = "[CP] Check Pods Manifest.lock";
			outputFileListPaths = (
			);
			outputPaths = (
				"$(DERIVED_FILE_DIR)/Pods-Instagram-checkManifestLockResult.txt",
			);
			runOnlyForDeploymentPostprocessing = 0;
			shellPath = /bin/sh;
			shellScript = "diff \"${PODS_PODFILE_DIR_PATH}/Podfile.lock\" \"${PODS_ROOT}/Manifest.lock\" > /dev/null\nif [ $? != 0 ] ; then\n    # print error to STDERR\n    echo \"error: The sandbox is not in sync with the Podfile.lock. Run 'pod install' or update your CocoaPods installation.\" >&2\n    exit 1\nfi\n# This output is used by Xcode 'outputs' to avoid re-running this script phase.\necho \"SUCCESS\" > \"${SCRIPT_OUTPUT_FILE_0}\"\n";
			showEnvVarsInLog = 0;
		};
		551C52011906F6C90DB4554D /* [CP] Embed Pods Frameworks */ = {
			isa = PBXShellScriptBuildPhase;
			buildActionMask = 2147483647;
			files = (
			);
			inputFileListPaths = (
				"${PODS_ROOT}/Target Support Files/Pods-Instagram/Pods-Instagram-frameworks-${CONFIGURATION}-input-files.xcfilelist",
			);
			name = "[CP] Embed Pods Frameworks";
			outputFileListPaths = (
				"${PODS_ROOT}/Target Support Files/Pods-Instagram/Pods-Instagram-frameworks-${CONFIGURATION}-output-files.xcfilelist",
			);
			runOnlyForDeploymentPostprocessing = 0;
			shellPath = /bin/sh;
			shellScript = "\"${PODS_ROOT}/Target Support Files/Pods-Instagram/Pods-Instagram-frameworks.sh\"\n";
			showEnvVarsInLog = 0;
		};
/* End PBXShellScriptBuildPhase section */

/* Begin PBXSourcesBuildPhase section */
		6E3471E329EE8562003CB6AA /* Sources */ = {
			isa = PBXSourcesBuildPhase;
			buildActionMask = 2147483647;
			files = (
				6EB383DB2A12522D00892740 /* CameraController.swift in Sources */,
				6E34720629EE86A7003CB6AA /* ProfileController.swift in Sources */,
				6EB383D12A1251F200892740 /* FooterStoryCollectionView.swift in Sources */,
				6E32018B2A0D418F00D707E8 /* BottomTabTripController.swift in Sources */,
				6E3201892A0D417D00D707E8 /* BottomController.swift in Sources */,
				6E7F1C972A026879008BD8B0 /* LoginController.swift in Sources */,
				6E2EDF092A0F760A000C62EB /* InstagramStoryLayer.swift in Sources */,
				6E4B5F312A0622190049E3AD /* StoryCollectionViewCell.swift in Sources */,
				6E34721129EEF0F3003CB6AA /* CompostionalLayout.swift in Sources */,
				6E3201912A0D426F00D707E8 /* BottomCollectionViewCell.swift in Sources */,
				6E34720429EE869B003CB6AA /* ShortVideoController.swift in Sources */,
				6E7F1C9A2A026A73008BD8B0 /* Utilities.swift in Sources */,
				6EB383D02A1251F200892740 /* ProfileCollectionViewCell.swift in Sources */,
				6E7F1C9E2A03B1D4008BD8B0 /* RegisterController.swift in Sources */,
				6EB383CF2A1251F200892740 /* StoryHomeCollectionViewCell.swift in Sources */,
				6E34720F29EEE4D5003CB6AA /* FakeController.swift in Sources */,
				6E2957192A066050006673CF /* SwitchCollectionViewCell.swift in Sources */,
				6EB383D42A1251F200892740 /* HomeController.swift in Sources */,
				6E869DB32A062D7E00BA581F /* HeaderProfileView.swift in Sources */,
				6EB383DD2A12522D00892740 /* UploadHeaderPhotoView.swift in Sources */,
				6EB383DE2A12522D00892740 /* UploadPhotoCollectionViewCell.swift in Sources */,
				6E32018D2A0D41D300D707E8 /* ExtensionViewController.swift in Sources */,
				6EB383DC2A12522D00892740 /* UploadFeedController.swift in Sources */,
				6E34720229EE865F003CB6AA /* SearchController.swift in Sources */,
				6E3471EF29EE8562003CB6AA /* MainTabBarController.swift in Sources */,
				6EB383D22A1251F200892740 /* HomeFeedCollectionViewCell.swift in Sources */,
				6E7F1C9C2A02705B008BD8B0 /* ExtensionColor.swift in Sources */,
				6E3471EB29EE8562003CB6AA /* AppDelegate.swift in Sources */,
				6E32018F2A0D423700D707E8 /* BottomTabBarCollectionViewCell.swift in Sources */,
				6E3471ED29EE8562003CB6AA /* SceneDelegate.swift in Sources */,
				6E34720D29EEA056003CB6AA /* ConstraintLayout.swift in Sources */,
				6EB383D32A1251F200892740 /* InstagramHeaderView.swift in Sources */,
			);
			runOnlyForDeploymentPostprocessing = 0;
		};
/* End PBXSourcesBuildPhase section */

/* Begin XCBuildConfiguration section */
		6E3471F929EE8564003CB6AA /* Debug */ = {
			isa = XCBuildConfiguration;
			buildSettings = {
				ALWAYS_SEARCH_USER_PATHS = NO;
				CLANG_ANALYZER_NONNULL = YES;
				CLANG_ANALYZER_NUMBER_OBJECT_CONVERSION = YES_AGGRESSIVE;
				CLANG_CXX_LANGUAGE_STANDARD = "gnu++17";
				CLANG_CXX_LIBRARY = "libc++";
				CLANG_ENABLE_MODULES = YES;
				CLANG_ENABLE_OBJC_ARC = YES;
				CLANG_ENABLE_OBJC_WEAK = YES;
				CLANG_WARN_BLOCK_CAPTURE_AUTORELEASING = YES;
				CLANG_WARN_BOOL_CONVERSION = YES;
				CLANG_WARN_COMMA = YES;
				CLANG_WARN_CONSTANT_CONVERSION = YES;
				CLANG_WARN_DEPRECATED_OBJC_IMPLEMENTATIONS = YES;
				CLANG_WARN_DIRECT_OBJC_ISA_USAGE = YES_ERROR;
				CLANG_WARN_DOCUMENTATION_COMMENTS = YES;
				CLANG_WARN_EMPTY_BODY = YES;
				CLANG_WARN_ENUM_CONVERSION = YES;
				CLANG_WARN_INFINITE_RECURSION = YES;
				CLANG_WARN_INT_CONVERSION = YES;
				CLANG_WARN_NON_LITERAL_NULL_CONVERSION = YES;
				CLANG_WARN_OBJC_IMPLICIT_RETAIN_SELF = YES;
				CLANG_WARN_OBJC_LITERAL_CONVERSION = YES;
				CLANG_WARN_OBJC_ROOT_CLASS = YES_ERROR;
				CLANG_WARN_QUOTED_INCLUDE_IN_FRAMEWORK_HEADER = YES;
				CLANG_WARN_RANGE_LOOP_ANALYSIS = YES;
				CLANG_WARN_STRICT_PROTOTYPES = YES;
				CLANG_WARN_SUSPICIOUS_MOVE = YES;
				CLANG_WARN_UNGUARDED_AVAILABILITY = YES_AGGRESSIVE;
				CLANG_WARN_UNREACHABLE_CODE = YES;
				CLANG_WARN__DUPLICATE_METHOD_MATCH = YES;
				COPY_PHASE_STRIP = NO;
				DEBUG_INFORMATION_FORMAT = dwarf;
				ENABLE_STRICT_OBJC_MSGSEND = YES;
				ENABLE_TESTABILITY = YES;
				GCC_C_LANGUAGE_STANDARD = gnu11;
				GCC_DYNAMIC_NO_PIC = NO;
				GCC_NO_COMMON_BLOCKS = YES;
				GCC_OPTIMIZATION_LEVEL = 0;
				GCC_PREPROCESSOR_DEFINITIONS = (
					"DEBUG=1",
					"$(inherited)",
				);
				GCC_WARN_64_TO_32_BIT_CONVERSION = YES;
				GCC_WARN_ABOUT_RETURN_TYPE = YES_ERROR;
				GCC_WARN_UNDECLARED_SELECTOR = YES;
				GCC_WARN_UNINITIALIZED_AUTOS = YES_AGGRESSIVE;
				GCC_WARN_UNUSED_FUNCTION = YES;
				GCC_WARN_UNUSED_VARIABLE = YES;
				IPHONEOS_DEPLOYMENT_TARGET = 15.2;
				MTL_ENABLE_DEBUG_INFO = INCLUDE_SOURCE;
				MTL_FAST_MATH = YES;
				ONLY_ACTIVE_ARCH = YES;
				SDKROOT = iphoneos;
				SWIFT_ACTIVE_COMPILATION_CONDITIONS = DEBUG;
				SWIFT_OPTIMIZATION_LEVEL = "-Onone";
			};
			name = Debug;
		};
		6E3471FA29EE8564003CB6AA /* Release */ = {
			isa = XCBuildConfiguration;
			buildSettings = {
				ALWAYS_SEARCH_USER_PATHS = NO;
				CLANG_ANALYZER_NONNULL = YES;
				CLANG_ANALYZER_NUMBER_OBJECT_CONVERSION = YES_AGGRESSIVE;
				CLANG_CXX_LANGUAGE_STANDARD = "gnu++17";
				CLANG_CXX_LIBRARY = "libc++";
				CLANG_ENABLE_MODULES = YES;
				CLANG_ENABLE_OBJC_ARC = YES;
				CLANG_ENABLE_OBJC_WEAK = YES;
				CLANG_WARN_BLOCK_CAPTURE_AUTORELEASING = YES;
				CLANG_WARN_BOOL_CONVERSION = YES;
				CLANG_WARN_COMMA = YES;
				CLANG_WARN_CONSTANT_CONVERSION = YES;
				CLANG_WARN_DEPRECATED_OBJC_IMPLEMENTATIONS = YES;
				CLANG_WARN_DIRECT_OBJC_ISA_USAGE = YES_ERROR;
				CLANG_WARN_DOCUMENTATION_COMMENTS = YES;
				CLANG_WARN_EMPTY_BODY = YES;
				CLANG_WARN_ENUM_CONVERSION = YES;
				CLANG_WARN_INFINITE_RECURSION = YES;
				CLANG_WARN_INT_CONVERSION = YES;
				CLANG_WARN_NON_LITERAL_NULL_CONVERSION = YES;
				CLANG_WARN_OBJC_IMPLICIT_RETAIN_SELF = YES;
				CLANG_WARN_OBJC_LITERAL_CONVERSION = YES;
				CLANG_WARN_OBJC_ROOT_CLASS = YES_ERROR;
				CLANG_WARN_QUOTED_INCLUDE_IN_FRAMEWORK_HEADER = YES;
				CLANG_WARN_RANGE_LOOP_ANALYSIS = YES;
				CLANG_WARN_STRICT_PROTOTYPES = YES;
				CLANG_WARN_SUSPICIOUS_MOVE = YES;
				CLANG_WARN_UNGUARDED_AVAILABILITY = YES_AGGRESSIVE;
				CLANG_WARN_UNREACHABLE_CODE = YES;
				CLANG_WARN__DUPLICATE_METHOD_MATCH = YES;
				COPY_PHASE_STRIP = NO;
				DEBUG_INFORMATION_FORMAT = "dwarf-with-dsym";
				ENABLE_NS_ASSERTIONS = NO;
				ENABLE_STRICT_OBJC_MSGSEND = YES;
				GCC_C_LANGUAGE_STANDARD = gnu11;
				GCC_NO_COMMON_BLOCKS = YES;
				GCC_WARN_64_TO_32_BIT_CONVERSION = YES;
				GCC_WARN_ABOUT_RETURN_TYPE = YES_ERROR;
				GCC_WARN_UNDECLARED_SELECTOR = YES;
				GCC_WARN_UNINITIALIZED_AUTOS = YES_AGGRESSIVE;
				GCC_WARN_UNUSED_FUNCTION = YES;
				GCC_WARN_UNUSED_VARIABLE = YES;
				IPHONEOS_DEPLOYMENT_TARGET = 15.2;
				MTL_ENABLE_DEBUG_INFO = NO;
				MTL_FAST_MATH = YES;
				SDKROOT = iphoneos;
				SWIFT_COMPILATION_MODE = wholemodule;
				SWIFT_OPTIMIZATION_LEVEL = "-O";
				VALIDATE_PRODUCT = YES;
			};
			name = Release;
		};
		6E3471FC29EE8564003CB6AA /* Debug */ = {
			isa = XCBuildConfiguration;
			baseConfigurationReference = 314D98623E8548ECD412BFB3 /* Pods-Instagram.debug.xcconfig */;
			buildSettings = {
				ASSETCATALOG_COMPILER_APPICON_NAME = AppIcon;
				ASSETCATALOG_COMPILER_GLOBAL_ACCENT_COLOR_NAME = AccentColor;
				CODE_SIGN_STYLE = Automatic;
				CURRENT_PROJECT_VERSION = 1;
				DEVELOPMENT_TEAM = X49N5BHN65;
				GENERATE_INFOPLIST_FILE = YES;
				INFOPLIST_FILE = Instagram/Info.plist;
				INFOPLIST_KEY_UIApplicationSupportsIndirectInputEvents = YES;
				INFOPLIST_KEY_UILaunchStoryboardName = LaunchScreen;
				INFOPLIST_KEY_UISupportedInterfaceOrientations_iPad = "UIInterfaceOrientationPortrait UIInterfaceOrientationPortraitUpsideDown UIInterfaceOrientationLandscapeLeft UIInterfaceOrientationLandscapeRight";
				INFOPLIST_KEY_UISupportedInterfaceOrientations_iPhone = "UIInterfaceOrientationPortrait UIInterfaceOrientationLandscapeLeft UIInterfaceOrientationLandscapeRight";
				LD_RUNPATH_SEARCH_PATHS = (
					"$(inherited)",
					"@executable_path/Frameworks",
				);
				MARKETING_VERSION = 1.0;
				PRODUCT_BUNDLE_IDENTIFIER = com.longvb.Instagram;
				PRODUCT_NAME = "$(TARGET_NAME)";
				SWIFT_EMIT_LOC_STRINGS = YES;
				SWIFT_VERSION = 5.0;
				TARGETED_DEVICE_FAMILY = "1,2";
			};
			name = Debug;
		};
		6E3471FD29EE8564003CB6AA /* Release */ = {
			isa = XCBuildConfiguration;
			baseConfigurationReference = 06A4DDD62E97746965114A25 /* Pods-Instagram.release.xcconfig */;
			buildSettings = {
				ASSETCATALOG_COMPILER_APPICON_NAME = AppIcon;
				ASSETCATALOG_COMPILER_GLOBAL_ACCENT_COLOR_NAME = AccentColor;
				CODE_SIGN_STYLE = Automatic;
				CURRENT_PROJECT_VERSION = 1;
				DEVELOPMENT_TEAM = X49N5BHN65;
				GENERATE_INFOPLIST_FILE = YES;
				INFOPLIST_FILE = Instagram/Info.plist;
				INFOPLIST_KEY_UIApplicationSupportsIndirectInputEvents = YES;
				INFOPLIST_KEY_UILaunchStoryboardName = LaunchScreen;
				INFOPLIST_KEY_UISupportedInterfaceOrientations_iPad = "UIInterfaceOrientationPortrait UIInterfaceOrientationPortraitUpsideDown UIInterfaceOrientationLandscapeLeft UIInterfaceOrientationLandscapeRight";
				INFOPLIST_KEY_UISupportedInterfaceOrientations_iPhone = "UIInterfaceOrientationPortrait UIInterfaceOrientationLandscapeLeft UIInterfaceOrientationLandscapeRight";
				LD_RUNPATH_SEARCH_PATHS = (
					"$(inherited)",
					"@executable_path/Frameworks",
				);
				MARKETING_VERSION = 1.0;
				PRODUCT_BUNDLE_IDENTIFIER = com.longvb.Instagram;
				PRODUCT_NAME = "$(TARGET_NAME)";
				SWIFT_EMIT_LOC_STRINGS = YES;
				SWIFT_VERSION = 5.0;
				TARGETED_DEVICE_FAMILY = "1,2";
			};
			name = Release;
		};
/* End XCBuildConfiguration section */

/* Begin XCConfigurationList section */
		6E3471E229EE8561003CB6AA /* Build configuration list for PBXProject "Instagram" */ = {
			isa = XCConfigurationList;
			buildConfigurations = (
				6E3471F929EE8564003CB6AA /* Debug */,
				6E3471FA29EE8564003CB6AA /* Release */,
			);
			defaultConfigurationIsVisible = 0;
			defaultConfigurationName = Release;
		};
		6E3471FB29EE8564003CB6AA /* Build configuration list for PBXNativeTarget "Instagram" */ = {
			isa = XCConfigurationList;
			buildConfigurations = (
				6E3471FC29EE8564003CB6AA /* Debug */,
				6E3471FD29EE8564003CB6AA /* Release */,
			);
			defaultConfigurationIsVisible = 0;
			defaultConfigurationName = Release;
		};
/* End XCConfigurationList section */
	};
	rootObject = 6E3471DF29EE8561003CB6AA /* Project object */;
}
